
Microsoft Visual Studio Solution File, Format Version 12.00
# Visual Studio Version 17
VisualStudioVersion = 17.14.37614.0 d17.14
MinimumVisualStudioVersion = 10.0.40219.1
Project("{8BC9CEB8-8B4A-11D0-8D11-00A0C91BC942}") = "Challenge1_1", "Challenge1_1\Challenge1_1.vcxproj", "{572A692E-FBDF-459F-908E-E533EEA95990}"
EndProject
Project("{8BC9CEB8-8B4A-11D0-8D11-00A0C91BC942}") = "Challenge1_2", "Challenge1_2\Challenge1_2.vcxproj", "{A0902714-6667-44F6-98BF-313F29338504}"
EndProject
Project("{8BC9CEB8-8B4A-11D0-8D11-00A0C91BC942}") = "Challenge1_3", "Challenge1_3\Challenge1_3.vcxproj", "{FBC5E1CE-1292-429B-A39F-E3121F688A53}"
EndProject
Project("{8BC9CEB8-8B4A-11D0-8D11-00A0C91BC942}") = "Challenge1_4", "Challenge1_4\Challenge1_4.vcxproj", "{83CE784C-B890-4E1F-AAA1-73190854D3AE}"
EndProject
Global
	GlobalSection(SolutionConfigurationPlatforms) = preSolution
		Debug|x64 = Debug|x64
		Debug|x86 = Debug|x86
		Release|x64 = Release|x64
		Release|x86 = Release|x86
	EndGlobalSection
	GlobalSection(ProjectConfigurationPlatforms) = postSolution
		{572A692E-FBDF-459F-908E-E533EEA95990}.Debug|x64.ActiveCfg = Debug|x64
		{572A692E-FBDF-459F-908E-E533EEA95990}.Debug|x64.Build.0 = Debug|x64
		{572A692E-FBDF-459F-908E-E533EEA95990}.Debug|x86.ActiveCfg = Debug|Win32
		{572A692E-FBDF-459F-908E-E533EEA95990}.Debug|x86.Build.0 = Debug|Win32
		{572A692E-FBDF-459F-908E-E533EEA95990}.Release|x64.ActiveCfg = Release|x64
		{572A692E-FBDF-459F-908E-E533EEA95990}.Release|x64.Build.0 = Release|x64
		{572A692E-FBDF-459F-908E-E533EEA95990}.Release|x86.ActiveCfg = Release|Win32
		{572A692E-FBDF-459F-908E-E533EEA95990}.Release|x86.Build.0 = Release|Win32
		{A0902714-6667-44F6-98BF-313F29338504}.Debug|x64.ActiveCfg = Debug|x64
		{A0902714-6667-44F6-98BF-313F29338504}.Debug|x64.Build.0 = Debug|x64
		{A0902714-6667-44F6-98BF-313F29338504}.Debug|x86.ActiveCfg = Debug|Win32
		{A0902714-6667-44F6-98BF-313F29338504}.Debug|x86.Build.0 = Debug|Win32
		{A0902714-6667-44F6-98BF-313F29338504}.Release|x64.ActiveCfg = Release|x64
		{A0902714-6667-44F6-98BF-313F29338504}.Release|x64.Build.0 = Release|x64
		{A0902714-6667-44F6-98BF-313F29338504}.Release|x86.ActiveCfg = Release|Win32
		{A0902714-6667-44F6-98BF-313F29338504}.Release|x86.Build.0 = Release|Win32
		{FBC5E1CE-1292-429B-A39F-E3121F688A53}.Debug|x64.ActiveCfg = Debug|x64
		{FBC5E1CE-1292-429B-A39F-E3121F688A53}.Debug|x64.Build.0 = Debug|x64
		{FBC5E1CE-1292-429B-A39F-E3121F688A53}.Debug|x86.ActiveCfg = Debug|Win32
		{FBC5E1CE-1292-429B-A39F-E3121F688A53}.Debug|x86.Build.0 = Debug|Win32
		{FBC5E1CE-1292-429B-A39F-E3121F688A53}.Release|x64.ActiveCfg = Release|x64
		{FBC5E1CE-1292-429B-A39F-E3121F688A53}.Release|x64.Build.0 = Release|x64
		{FBC5E1CE-1292-429B-A39F-E3121F688A53}.Release|x86.ActiveCfg = Release|Win32
		{FBC5E1CE-1292-429B-A39F-E3121F688A53}.Release|x86.Build.0 = Release|Win32
		{83CE784C-B890-4E1F-AAA1-73190854D3AE}.Debug|x64.ActiveCfg = Debug|x64
		{83CE784C-B890-4E1F-AAA1-73190854D3AE}.Debug|x64.Build.0 = Debug|x64
		{83CE784C-B890-4E1F-AAA1-73190854D3AE}.Debug|x86.ActiveCfg = Debug|Win32
		{83CE784C-B890-4E1F-AAA1-73190854D3AE}.Debug|x86.Build.0 = Debug|Win32
		{83CE784C-B890-4E1F-AAA1-73190854D3AE}.Release|x64.ActiveCfg = Release|x64
		{83CE784C-B890-4E1F-AAA1-73190854D3AE}.Release|x64.Build.0 = Release|x64
		{83CE784C-B890-4E1F-AAA1-73190854D3AE}.Release|x86.ActiveCfg = Release|Win32
		{83CE784C-B890-4E1F-AAA1-73190854D3AE}.Release|x86.Build.0 = Release|Win32
	EndGlobalSection
	GlobalSection(SolutionProperties) = preSolution
		HideSolutionNode = FALSE
	EndGlobalSection
	GlobalSection(ExtensibilityGlobals) = postSolution
		SolutionGuid = {1BC1AC18-6FE9-48D1-9EAB-E2475B7D41A7}
	EndGlobalSection
EndGlobal
