
Microsoft Visual Studio Solution File, Format Version 12.00
# Visual Studio Version 17
VisualStudioVersion = 17.14.37614.0 d17.14
MinimumVisualStudioVersion = 10.0.40219.1
Project("{8BC9CEB8-8B4A-11D0-8D11-00A0C91BC942}") = "Challenge1-1", "Challenge1-1\Challenge1-1.vcxproj", "{0D74197C-330B-4105-88A3-F5253BDE9BDA}"
EndProject
Project("{8BC9CEB8-8B4A-11D0-8D11-00A0C91BC942}") = "Challenge1-2", "Challenge1-2\Challenge1-2.vcxproj", "{9BE6507C-4A9E-443D-863B-8528A5672D42}"
EndProject
Global
	GlobalSection(SolutionConfigurationPlatforms) = preSolution
		Debug|x64 = Debug|x64
		Debug|x86 = Debug|x86
		Release|x64 = Release|x64
		Release|x86 = Release|x86
	EndGlobalSection
	GlobalSection(ProjectConfigurationPlatforms) = postSolution
		{0D74197C-330B-4105-88A3-F5253BDE9BDA}.Debug|x64.ActiveCfg = Debug|x64
		{0D74197C-330B-4105-88A3-F5253BDE9BDA}.Debug|x64.Build.0 = Debug|x64
		{0D74197C-330B-4105-88A3-F5253BDE9BDA}.Debug|x86.ActiveCfg = Debug|Win32
		{0D74197C-330B-4105-88A3-F5253BDE9BDA}.Debug|x86.Build.0 = Debug|Win32
		{0D74197C-330B-4105-88A3-F5253BDE9BDA}.Release|x64.ActiveCfg = Release|x64
		{0D74197C-330B-4105-88A3-F5253BDE9BDA}.Release|x64.Build.0 = Release|x64
		{0D74197C-330B-4105-88A3-F5253BDE9BDA}.Release|x86.ActiveCfg = Release|Win32
		{0D74197C-330B-4105-88A3-F5253BDE9BDA}.Release|x86.Build.0 = Release|Win32
		{9BE6507C-4A9E-443D-863B-8528A5672D42}.Debug|x64.ActiveCfg = Debug|x64
		{9BE6507C-4A9E-443D-863B-8528A5672D42}.Debug|x64.Build.0 = Debug|x64
		{9BE6507C-4A9E-443D-863B-8528A5672D42}.Debug|x86.ActiveCfg = Debug|Win32
		{9BE6507C-4A9E-443D-863B-8528A5672D42}.Debug|x86.Build.0 = Debug|Win32
		{9BE6507C-4A9E-443D-863B-8528A5672D42}.Release|x64.ActiveCfg = Release|x64
		{9BE6507C-4A9E-443D-863B-8528A5672D42}.Release|x64.Build.0 = Release|x64
		{9BE6507C-4A9E-443D-863B-8528A5672D42}.Release|x86.ActiveCfg = Release|Win32
		{9BE6507C-4A9E-443D-863B-8528A5672D42}.Release|x86.Build.0 = Release|Win32
	EndGlobalSection
	GlobalSection(SolutionProperties) = preSolution
		HideSolutionNode = FALSE
	EndGlobalSection
	GlobalSection(ExtensibilityGlobals) = postSolution
		SolutionGuid = {3BE42D16-3DDA-4FD1-8D80-6A8E3F00A81A}
	EndGlobalSection
EndGlobal
