
Microsoft Visual Studio Solution File, Format Version 12.00
# Visual Studio Version 17
VisualStudioVersion = 17.14.37614.0 d17.14
MinimumVisualStudioVersion = 10.0.40219.1
Project("{8BC9CEB8-8B4A-11D0-8D11-00A0C91BC942}") = "Challenge3-1", "Challenge3-1\Challenge3-1.vcxproj", "{92A8A38E-6927-4DD0-B718-82D09B31C3CB}"
EndProject
Project("{8BC9CEB8-8B4A-11D0-8D11-00A0C91BC942}") = "Challenge3-2", "Challenge3-2\Challenge3-2.vcxproj", "{0831CA9A-0DFC-492D-B9BA-FD8482F22CD7}"
EndProject
Project("{8BC9CEB8-8B4A-11D0-8D11-00A0C91BC942}") = "Challenge3-3", "Challenge3-3\Challenge3-3.vcxproj", "{07A9ACBF-2D04-4249-8BCF-472D6EBBFBF4}"
EndProject
Project("{8BC9CEB8-8B4A-11D0-8D11-00A0C91BC942}") = "challenge3-4", "challenge3-4\challenge3-4.vcxproj", "{247BE0D1-9E8E-450E-8F36-B743B9FC34DD}"
EndProject
Project("{8BC9CEB8-8B4A-11D0-8D11-00A0C91BC942}") = "challenge3-5", "challenge3-5\challenge3-5.vcxproj", "{F641BB31-1F2F-47BC-BCAD-9C171140A941}"
EndProject
Global
	GlobalSection(SolutionConfigurationPlatforms) = preSolution
		Debug|x64 = Debug|x64
		Debug|x86 = Debug|x86
		Release|x64 = Release|x64
		Release|x86 = Release|x86
	EndGlobalSection
	GlobalSection(ProjectConfigurationPlatforms) = postSolution
		{92A8A38E-6927-4DD0-B718-82D09B31C3CB}.Debug|x64.ActiveCfg = Debug|x64
		{92A8A38E-6927-4DD0-B718-82D09B31C3CB}.Debug|x64.Build.0 = Debug|x64
		{92A8A38E-6927-4DD0-B718-82D09B31C3CB}.Debug|x86.ActiveCfg = Debug|Win32
		{92A8A38E-6927-4DD0-B718-82D09B31C3CB}.Debug|x86.Build.0 = Debug|Win32
		{92A8A38E-6927-4DD0-B718-82D09B31C3CB}.Release|x64.ActiveCfg = Release|x64
		{92A8A38E-6927-4DD0-B718-82D09B31C3CB}.Release|x64.Build.0 = Release|x64
		{92A8A38E-6927-4DD0-B718-82D09B31C3CB}.Release|x86.ActiveCfg = Release|Win32
		{92A8A38E-6927-4DD0-B718-82D09B31C3CB}.Release|x86.Build.0 = Release|Win32
		{0831CA9A-0DFC-492D-B9BA-FD8482F22CD7}.Debug|x64.ActiveCfg = Debug|x64
		{0831CA9A-0DFC-492D-B9BA-FD8482F22CD7}.Debug|x64.Build.0 = Debug|x64
		{0831CA9A-0DFC-492D-B9BA-FD8482F22CD7}.Debug|x86.ActiveCfg = Debug|Win32
		{0831CA9A-0DFC-492D-B9BA-FD8482F22CD7}.Debug|x86.Build.0 = Debug|Win32
		{0831CA9A-0DFC-492D-B9BA-FD8482F22CD7}.Release|x64.ActiveCfg = Release|x64
		{0831CA9A-0DFC-492D-B9BA-FD8482F22CD7}.Release|x64.Build.0 = Release|x64
		{0831CA9A-0DFC-492D-B9BA-FD8482F22CD7}.Release|x86.ActiveCfg = Release|Win32
		{0831CA9A-0DFC-492D-B9BA-FD8482F22CD7}.Release|x86.Build.0 = Release|Win32
		{07A9ACBF-2D04-4249-8BCF-472D6EBBFBF4}.Debug|x64.ActiveCfg = Debug|x64
		{07A9ACBF-2D04-4249-8BCF-472D6EBBFBF4}.Debug|x64.Build.0 = Debug|x64
		{07A9ACBF-2D04-4249-8BCF-472D6EBBFBF4}.Debug|x86.ActiveCfg = Debug|Win32
		{07A9ACBF-2D04-4249-8BCF-472D6EBBFBF4}.Debug|x86.Build.0 = Debug|Win32
		{07A9ACBF-2D04-4249-8BCF-472D6EBBFBF4}.Release|x64.ActiveCfg = Release|x64
		{07A9ACBF-2D04-4249-8BCF-472D6EBBFBF4}.Release|x64.Build.0 = Release|x64
		{07A9ACBF-2D04-4249-8BCF-472D6EBBFBF4}.Release|x86.ActiveCfg = Release|Win32
		{07A9ACBF-2D04-4249-8BCF-472D6EBBFBF4}.Release|x86.Build.0 = Release|Win32
		{247BE0D1-9E8E-450E-8F36-B743B9FC34DD}.Debug|x64.ActiveCfg = Debug|x64
		{247BE0D1-9E8E-450E-8F36-B743B9FC34DD}.Debug|x64.Build.0 = Debug|x64
		{247BE0D1-9E8E-450E-8F36-B743B9FC34DD}.Debug|x86.ActiveCfg = Debug|Win32
		{247BE0D1-9E8E-450E-8F36-B743B9FC34DD}.Debug|x86.Build.0 = Debug|Win32
		{247BE0D1-9E8E-450E-8F36-B743B9FC34DD}.Release|x64.ActiveCfg = Release|x64
		{247BE0D1-9E8E-450E-8F36-B743B9FC34DD}.Release|x64.Build.0 = Release|x64
		{247BE0D1-9E8E-450E-8F36-B743B9FC34DD}.Release|x86.ActiveCfg = Release|Win32
		{247BE0D1-9E8E-450E-8F36-B743B9FC34DD}.Release|x86.Build.0 = Release|Win32
		{F641BB31-1F2F-47BC-BCAD-9C171140A941}.Debug|x64.ActiveCfg = Debug|x64
		{F641BB31-1F2F-47BC-BCAD-9C171140A941}.Debug|x64.Build.0 = Debug|x64
		{F641BB31-1F2F-47BC-BCAD-9C171140A941}.Debug|x86.ActiveCfg = Debug|Win32
		{F641BB31-1F2F-47BC-BCAD-9C171140A941}.Debug|x86.Build.0 = Debug|Win32
		{F641BB31-1F2F-47BC-BCAD-9C171140A941}.Release|x64.ActiveCfg = Release|x64
		{F641BB31-1F2F-47BC-BCAD-9C171140A941}.Release|x64.Build.0 = Release|x64
		{F641BB31-1F2F-47BC-BCAD-9C171140A941}.Release|x86.ActiveCfg = Release|Win32
		{F641BB31-1F2F-47BC-BCAD-9C171140A941}.Release|x86.Build.0 = Release|Win32
	EndGlobalSection
	GlobalSection(SolutionProperties) = preSolution
		HideSolutionNode = FALSE
	EndGlobalSection
	GlobalSection(ExtensibilityGlobals) = postSolution
		SolutionGuid = {D265408B-4DB9-44EB-AC38-4E2FD47D287B}
	EndGlobalSection
EndGlobal
